
Microsoft Visual Studio Solution File, Format Version 12.00
# Visual Studio 15
VisualStudioVersion = 15.0.26228.12
MinimumVisualStudioVersion = 10.0.40219.1
Project("{FAE04EC0-301F-11D3-BF4B-00C04F79EFBC}") = "NEventStore", "NEventStore\NEventStore.csproj", "{03946843-F343-419C-88EF-3E446D08DFA6}"
EndProject
Project("{FAE04EC0-301F-11D3-BF4B-00C04F79EFBC}") = "NEventStore.Persistence.Sql", "NEventStore.Persistence.Sql\NEventStore.Persistence.Sql.csproj", "{F9E7FD69-0818-48CA-9249-5387739E1B6A}"
EndProject
Project("{FAE04EC0-301F-11D3-BF4B-00C04F79EFBC}") = "NEventStore.Example", "NEventStore.Example\NEventStore.Example.csproj", "{0143B48E-25AF-4CE0-BD49-A52267D359D3}"
EndProject
Global
	GlobalSection(SolutionConfigurationPlatforms) = preSolution
		Debug|Any CPU = Debug|Any CPU
		Release|Any CPU = Release|Any CPU
	EndGlobalSection
	GlobalSection(ProjectConfigurationPlatforms) = postSolution
		{03946843-F343-419C-88EF-3E446D08DFA6}.Debug|Any CPU.ActiveCfg = Debug|Any CPU
		{03946843-F343-419C-88EF-3E446D08DFA6}.Debug|Any CPU.Build.0 = Debug|Any CPU
		{03946843-F343-419C-88EF-3E446D08DFA6}.Release|Any CPU.ActiveCfg = Release|Any CPU
		{03946843-F343-419C-88EF-3E446D08DFA6}.Release|Any CPU.Build.0 = Release|Any CPU
		{F9E7FD69-0818-48CA-9249-5387739E1B6A}.Debug|Any CPU.ActiveCfg = Debug|Any CPU
		{F9E7FD69-0818-48CA-9249-5387739E1B6A}.Debug|Any CPU.Build.0 = Debug|Any CPU
		{F9E7FD69-0818-48CA-9249-5387739E1B6A}.Release|Any CPU.ActiveCfg = Release|Any CPU
		{F9E7FD69-0818-48CA-9249-5387739E1B6A}.Release|Any CPU.Build.0 = Release|Any CPU
		{0143B48E-25AF-4CE0-BD49-A52267D359D3}.Debug|Any CPU.ActiveCfg = Debug|Any CPU
		{0143B48E-25AF-4CE0-BD49-A52267D359D3}.Debug|Any CPU.Build.0 = Debug|Any CPU
		{0143B48E-25AF-4CE0-BD49-A52267D359D3}.Release|Any CPU.ActiveCfg = Release|Any CPU
		{0143B48E-25AF-4CE0-BD49-A52267D359D3}.Release|Any CPU.Build.0 = Release|Any CPU
	EndGlobalSection
	GlobalSection(SolutionProperties) = preSolution
		HideSolutionNode = FALSE
	EndGlobalSection
EndGlobal
